
Microsoft Visual Studio Solution File, Format Version 12.00
# Visual Studio Version 17
VisualStudioVersion = 17.2.32630.192
MinimumVisualStudioVersion = 10.0.40219.1
Project("{FAE04EC0-301F-11D3-BF4B-00C04F79EFBC}") = "HTL.CRFinance", "HTL.CRFinance.csproj", "{CABE3656-6ADF-470F-A7CA-CD5761BE64E5}"
EndProject
Global
	GlobalSection(SolutionConfigurationPlatforms) = preSolution
		Debug|Any CPU = Debug|Any CPU
		Release|Any CPU = Release|Any CPU
	EndGlobalSection
	GlobalSection(ProjectConfigurationPlatforms) = postSolution
		{CABE3656-6ADF-470F-A7CA-CD5761BE64E5}.Debug|Any CPU.ActiveCfg = Debug|Any CPU
		{CABE3656-6ADF-470F-A7CA-CD5761BE64E5}.Debug|Any CPU.Build.0 = Debug|Any CPU
		{CABE3656-6ADF-470F-A7CA-CD5761BE64E5}.Release|Any CPU.ActiveCfg = Release|Any CPU
		{CABE3656-6ADF-470F-A7CA-CD5761BE64E5}.Release|Any CPU.Build.0 = Release|Any CPU
	EndGlobalSection
	GlobalSection(SolutionProperties) = preSolution
		HideSolutionNode = FALSE
	EndGlobalSection
	GlobalSection(ExtensibilityGlobals) = postSolution
		SolutionGuid = {0AA8B248-D2D1-4CB7-9938-AD41C70D9541}
	EndGlobalSection
EndGlobal
